<?xml version="1.0" encoding="UTF-8"?>
<CONFIG>
  <ProjectOptions>
    <Version Value="10"/>
    <PathDelim Value="\"/>
    <General>
      <MainUnit Value="0"/>
      <UseXPManifest Value="True"/>
      <Icon Value="0"/>
    </General>
    <BuildModes Count="1">
      <Item1 Name="default" Default="True"/>
    </BuildModes>
    <PublishOptions>
      <Version Value="2"/>
      <IncludeFileFilter Value="*.(pas|pp|inc|lfm|lpr|lrs|lpi|lpk|sh|xml)"/>
      <ExcludeFileFilter Value="*.(bak|ppu|o|so);*~;backup"/>
    </PublishOptions>
    <RunParams>
      <local>
        <FormatVersion Value="1"/>
        <LaunchingApplication PathPlusParams="\usr\X11R6\bin\xterm -T 'Lazarus Run Output' -e $(LazarusDir)\tools\runwait.sh $(TargetCmdLine)"/>
      </local>
    </RunParams>
    <RequiredPackages Count="2">
      <Item1>
        <PackageName Value="LazOpenGLContext"/>
        <MinVersion Release="1" Valid="True"/>
      </Item1>
      <Item2>
        <PackageName Value="LCL"/>
      </Item2>
    </RequiredPackages>
    <Units Count="36">
      <Unit0>
        <Filename Value="chemera.lpr"/>
        <IsPartOfProject Value="True"/>
        <CursorPos X="12" Y="7"/>
        <UsageCount Value="206"/>
      </Unit0>
      <Unit1>
        <Filename Value="chemeramain.pas"/>
        <IsPartOfProject Value="True"/>
        <ComponentName Value="CmMainForm"/>
        <HasResources Value="True"/>
        <ResourceBaseClass Value="Form"/>
        <TopLine Value="883"/>
        <CursorPos X="27" Y="902"/>
        <UsageCount Value="206"/>
        <Loaded Value="True"/>
        <LoadedDesigner Value="True"/>
      </Unit1>
      <Unit2>
        <Filename Value="..\display\displayobjects.pas"/>
        <IsPartOfProject Value="True"/>
        <TopLine Value="136"/>
        <CursorPos X="42" Y="149"/>
        <UsageCount Value="206"/>
      </Unit2>
      <Unit3>
        <Filename Value="..\molecule\molecules.pas"/>
        <IsPartOfProject Value="True"/>
        <EditorIndex Value="12"/>
        <TopLine Value="19"/>
        <CursorPos X="3" Y="42"/>
        <UsageCount Value="206"/>
        <Loaded Value="True"/>
      </Unit3>
      <Unit4>
        <Filename Value="..\molecule\pdbmolecules.pas"/>
        <IsPartOfProject Value="True"/>
        <IsVisibleTab Value="True"/>
        <EditorIndex Value="5"/>
        <TopLine Value="398"/>
        <CursorPos X="22" Y="412"/>
        <UsageCount Value="206"/>
        <Loaded Value="True"/>
      </Unit4>
      <Unit5>
        <Filename Value="..\general\basetypes.pas"/>
        <IsPartOfProject Value="True"/>
        <TopLine Value="28"/>
        <CursorPos X="42" Y="46"/>
        <UsageCount Value="206"/>
      </Unit5>
      <Unit6>
        <Filename Value="..\molecule\selections.pas"/>
        <IsPartOfProject Value="True"/>
        <EditorIndex Value="11"/>
        <TopLine Value="319"/>
        <CursorPos X="9" Y="346"/>
        <UsageCount Value="206"/>
        <Loaded Value="True"/>
      </Unit6>
      <Unit7>
        <Filename Value="..\UI\glutwindow.pas"/>
        <TopLine Value="191"/>
        <CursorPos X="21" Y="203"/>
        <UsageCount Value="35"/>
      </Unit7>
      <Unit8>
        <Filename Value="..\display\base3ddisplay.pas"/>
        <IsPartOfProject Value="True"/>
        <TopLine Value="70"/>
        <CursorPos X="35" Y="93"/>
        <UsageCount Value="206"/>
      </Unit8>
      <Unit9>
        <Filename Value="..\UI\displaysettings.pas"/>
        <IsPartOfProject Value="True"/>
        <ComponentName Value="DisplaySettingsForm"/>
        <ResourceBaseClass Value="Form"/>
        <TopLine Value="64"/>
        <CursorPos X="53" Y="77"/>
        <UsageCount Value="205"/>
      </Unit9>
      <Unit10>
        <Filename Value="..\display\oglform.pas"/>
        <IsPartOfProject Value="True"/>
        <ComponentName Value="OpenGLForm"/>
        <ResourceBaseClass Value="Form"/>
        <TopLine Value="9"/>
        <CursorPos X="59" Y="25"/>
        <UsageCount Value="206"/>
      </Unit10>
      <Unit11>
        <Filename Value="..\parsing\pdbparser.pas"/>
        <IsPartOfProject Value="True"/>
        <CursorPos X="32" Y="21"/>
        <UsageCount Value="202"/>
      </Unit11>
      <Unit12>
        <Filename Value="..\base\oclconfiguration.pas"/>
        <IsPartOfProject Value="True"/>
        <EditorIndex Value="1"/>
        <TopLine Value="48"/>
        <CursorPos X="22" Y="65"/>
        <UsageCount Value="200"/>
        <Loaded Value="True"/>
      </Unit12>
      <Unit13>
        <Filename Value="..\utils\geomhash.pas"/>
        <IsPartOfProject Value="True"/>
        <CursorPos X="43" Y="21"/>
        <UsageCount Value="208"/>
      </Unit13>
      <Unit14>
        <Filename Value="..\..\sharedunits\display\oglform.pas"/>
        <ComponentName Value="OpenGLForm"/>
        <HasResources Value="True"/>
        <ResourceBaseClass Value="Form"/>
        <EditorIndex Value="2"/>
        <TopLine Value="261"/>
        <CursorPos X="27" Y="298"/>
        <UsageCount Value="139"/>
        <Loaded Value="True"/>
      </Unit14>
      <Unit15>
        <Filename Value="..\..\sharedunits\general\basetypes.pas"/>
        <EditorIndex Value="4"/>
        <TopLine Value="34"/>
        <CursorPos X="30" Y="47"/>
        <UsageCount Value="114"/>
        <Loaded Value="True"/>
      </Unit15>
      <Unit16>
        <Filename Value="..\..\sharedunits\utils\stringutils.pas"/>
        <EditorIndex Value="6"/>
        <TopLine Value="43"/>
        <CursorPos X="10" Y="57"/>
        <UsageCount Value="168"/>
        <Loaded Value="True"/>
      </Unit16>
      <Unit17>
        <Filename Value="..\..\sharedunits\display\base3ddisplay.pas"/>
        <EditorIndex Value="10"/>
        <TopLine Value="63"/>
        <CursorPos X="19" Y="79"/>
        <UsageCount Value="112"/>
        <Loaded Value="True"/>
      </Unit17>
      <Unit18>
        <Filename Value="..\..\sharedunits\utils\geomhash.pas"/>
        <TopLine Value="113"/>
        <CursorPos X="9" Y="66"/>
        <UsageCount Value="60"/>
      </Unit18>
      <Unit19>
        <Filename Value="..\..\sharedunits\display\displayobjects.pas"/>
        <EditorIndex Value="9"/>
        <TopLine Value="134"/>
        <CursorPos Y="149"/>
        <UsageCount Value="100"/>
        <Loaded Value="True"/>
      </Unit19>
      <Unit20>
        <Filename Value="..\gui\moleculetree.pas"/>
        <IsPartOfProject Value="True"/>
        <ComponentName Value="MolTreeForm"/>
        <HasResources Value="True"/>
        <ResourceBaseClass Value="Form"/>
        <TopLine Value="19"/>
        <CursorPos X="81" Y="35"/>
        <UsageCount Value="200"/>
      </Unit20>
      <Unit21>
        <Filename Value="..\..\sharedunits\forms\notifications.pas"/>
        <IsPartOfProject Value="True"/>
        <TopLine Value="18"/>
        <CursorPos X="61" Y="31"/>
        <UsageCount Value="200"/>
      </Unit21>
      <Unit22>
        <Filename Value="..\..\sharedunits\utils\geomutils.pas"/>
        <IsPartOfProject Value="True"/>
        <EditorIndex Value="13"/>
        <TopLine Value="62"/>
        <CursorPos X="10" Y="81"/>
        <UsageCount Value="200"/>
        <Loaded Value="True"/>
      </Unit22>
      <Unit23>
        <Filename Value="..\molecule\molutils.pas"/>
        <IsPartOfProject Value="True"/>
        <EditorIndex Value="7"/>
        <TopLine Value="11"/>
        <CursorPos X="19" Y="75"/>
        <UsageCount Value="200"/>
        <Loaded Value="True"/>
      </Unit23>
      <Unit24>
        <Filename Value="..\docking\linegrids.pas"/>
        <IsPartOfProject Value="True"/>
        <EditorIndex Value="8"/>
        <TopLine Value="17"/>
        <CursorPos X="3" Y="33"/>
        <UsageCount Value="200"/>
        <Loaded Value="True"/>
      </Unit24>
      <Unit25>
        <Filename Value="C:\lazarus\fpc\2.6.0\source\packages\opengl\src\gl.pp"/>
        <TopLine Value="1122"/>
        <CursorPos X="3" Y="1138"/>
        <UsageCount Value="25"/>
      </Unit25>
      <Unit26>
        <Filename Value="..\..\sharedunits\display\povray.pas"/>
        <IsPartOfProject Value="True"/>
        <WindowIndex Value="1"/>
        <CursorPos X="16" Y="25"/>
        <UsageCount Value="202"/>
      </Unit26>
      <Unit27>
        <Filename Value="..\docking\dockdomains.pas"/>
        <IsPartOfProject Value="True"/>
        <EditorIndex Value="14"/>
        <TopLine Value="47"/>
        <CursorPos X="19" Y="69"/>
        <UsageCount Value="202"/>
        <Loaded Value="True"/>
      </Unit27>
      <Unit28>
        <Filename Value="C:\lazarus\lcl\forms.pp"/>
        <TopLine Value="691"/>
        <CursorPos X="45" Y="715"/>
        <UsageCount Value="40"/>
      </Unit28>
      <Unit29>
        <Filename Value="..\docking\dockconstraints.pas"/>
        <IsPartOfProject Value="True"/>
        <EditorIndex Value="15"/>
        <TopLine Value="360"/>
        <CursorPos X="23" Y="378"/>
        <UsageCount Value="204"/>
        <Loaded Value="True"/>
      </Unit29>
      <Unit30>
        <Filename Value="C:\lazarus\fpc\2.6.0\source\rtl\inc\objpash.inc"/>
        <TopLine Value="185"/>
        <CursorPos X="24" Y="201"/>
        <UsageCount Value="9"/>
      </Unit30>
      <Unit31>
        <Filename Value="..\docking\bogie.pas"/>
        <EditorIndex Value="16"/>
        <UsageCount Value="103"/>
        <Loaded Value="True"/>
      </Unit31>
      <Unit32>
        <Filename Value="..\molecule\surface.pas"/>
        <IsPartOfProject Value="True"/>
        <EditorIndex Value="17"/>
        <UsageCount Value="200"/>
        <Loaded Value="True"/>
      </Unit32>
      <Unit33>
        <Filename Value="..\..\sharedunits\forms\formdocker.pas"/>
        <IsPartOfProject Value="True"/>
        <TopLine Value="14"/>
        <CursorPos X="81" Y="26"/>
        <UsageCount Value="206"/>
      </Unit33>
      <Unit34>
        <Filename Value="..\sequence\alignment.pas"/>
        <IsPartOfProject Value="True"/>
        <WindowIndex Value="1"/>
        <UsageCount Value="272"/>
      </Unit34>
      <Unit35>
        <Filename Value="..\docking\rotations.pas"/>
        <EditorIndex Value="3"/>
        <TopLine Value="264"/>
        <CursorPos X="5" Y="279"/>
        <UsageCount Value="106"/>
        <Loaded Value="True"/>
      </Unit35>
    </Units>
    <JumpHistory Count="30" HistoryIndex="29">
      <Position1>
        <Filename Value="chemeramain.pas"/>
        <Caret Line="899" Column="14" TopLine="884"/>
      </Position1>
      <Position2>
        <Filename Value="..\molecule\pdbmolecules.pas"/>
        <Caret Line="124" Column="17" TopLine="105"/>
      </Position2>
      <Position3>
        <Filename Value="..\molecule\pdbmolecules.pas"/>
        <Caret Line="679" Column="18" TopLine="661"/>
      </Position3>
      <Position4>
        <Filename Value="..\molecule\pdbmolecules.pas"/>
        <Caret Line="680" Column="16" TopLine="661"/>
      </Position4>
      <Position5>
        <Filename Value="..\molecule\pdbmolecules.pas"/>
        <Caret Line="123" Column="30" TopLine="109"/>
      </Position5>
      <Position6>
        <Filename Value="..\molecule\pdbmolecules.pas"/>
        <Caret Line="96" Column="14" TopLine="82"/>
      </Position6>
      <Position7>
        <Filename Value="..\molecule\pdbmolecules.pas"/>
        <Caret Line="395" Column="10" TopLine="378"/>
      </Position7>
      <Position8>
        <Filename Value="..\molecule\pdbmolecules.pas"/>
        <Caret Line="52" Column="42" TopLine="38"/>
      </Position8>
      <Position9>
        <Filename Value="..\molecule\pdbmolecules.pas"/>
        <Caret Line="311" Column="27" TopLine="297"/>
      </Position9>
      <Position10>
        <Filename Value="..\molecule\pdbmolecules.pas"/>
        <Caret Line="301" Column="51" TopLine="287"/>
      </Position10>
      <Position11>
        <Filename Value="..\molecule\pdbmolecules.pas"/>
        <Caret Line="52" Column="3" TopLine="38"/>
      </Position11>
      <Position12>
        <Filename Value="..\molecule\pdbmolecules.pas"/>
        <Caret Line="60" Column="29" TopLine="38"/>
      </Position12>
      <Position13>
        <Filename Value="..\molecule\pdbmolecules.pas"/>
        <Caret Line="78" Column="17" TopLine="64"/>
      </Position13>
      <Position14>
        <Filename Value="..\molecule\pdbmolecules.pas"/>
        <Caret Line="291" Column="52" TopLine="283"/>
      </Position14>
      <Position15>
        <Filename Value="..\molecule\pdbmolecules.pas"/>
        <Caret Line="308" Column="46" TopLine="301"/>
      </Position15>
      <Position16>
        <Filename Value="..\molecule\pdbmolecules.pas"/>
        <Caret Line="323" Column="18" TopLine="314"/>
      </Position16>
      <Position17>
        <Filename Value="..\molecule\pdbmolecules.pas"/>
        <Caret Line="318" Column="48" TopLine="302"/>
      </Position17>
      <Position18>
        <Filename Value="..\molecule\pdbmolecules.pas"/>
        <Caret Line="322" Column="23" TopLine="302"/>
      </Position18>
      <Position19>
        <Filename Value="..\molecule\pdbmolecules.pas"/>
        <Caret Line="404" Column="10" TopLine="392"/>
      </Position19>
      <Position20>
        <Filename Value="..\molecule\pdbmolecules.pas"/>
        <Caret Line="418" Column="29" TopLine="405"/>
      </Position20>
      <Position21>
        <Filename Value="..\molecule\pdbmolecules.pas"/>
        <Caret Line="406" Column="5" TopLine="392"/>
      </Position21>
      <Position22>
        <Filename Value="..\molecule\pdbmolecules.pas"/>
        <Caret Line="417" TopLine="393"/>
      </Position22>
      <Position23>
        <Filename Value="..\molecule\pdbmolecules.pas"/>
        <Caret Line="418" TopLine="395"/>
      </Position23>
      <Position24>
        <Filename Value="..\molecule\pdbmolecules.pas"/>
        <Caret Line="411" Column="12" TopLine="393"/>
      </Position24>
      <Position25>
        <Filename Value="..\molecule\pdbmolecules.pas"/>
        <Caret Line="413" Column="12" TopLine="397"/>
      </Position25>
      <Position26>
        <Filename Value="..\molecule\pdbmolecules.pas"/>
        <Caret Line="411" TopLine="397"/>
      </Position26>
      <Position27>
        <Filename Value="..\molecule\pdbmolecules.pas"/>
        <Caret Line="412" Column="13" TopLine="398"/>
      </Position27>
      <Position28>
        <Filename Value="..\molecule\pdbmolecules.pas"/>
        <Caret Line="413" Column="31" TopLine="398"/>
      </Position28>
      <Position29>
        <Filename Value="..\molecule\pdbmolecules.pas"/>
        <Caret Line="414" Column="25" TopLine="398"/>
      </Position29>
      <Position30>
        <Filename Value="..\molecule\pdbmolecules.pas"/>
        <Caret Line="421" Column="42" TopLine="404"/>
      </Position30>
    </JumpHistory>
  </ProjectOptions>
  <CompilerOptions>
    <Version Value="11"/>
    <PathDelim Value="\"/>
    <Target>
      <Filename Value="chemera"/>
    </Target>
    <SearchPaths>
      <IncludeFiles Value="$(ProjOutDir)"/>
      <OtherUnitFiles Value="..\..\sharedunits\display;..\molecule;..\..\sharedunits\general;..\..\sharedunits\forms;..\..\sharedunits\utils;..\base;..\gui;..\docking;..\sequence"/>
      <UnitOutputDirectory Value="lib\$(TargetCPU)-$(TargetOS)"/>
    </SearchPaths>
    <Parsing>
      <SyntaxOptions>
        <AllowLabel Value="False"/>
      </SyntaxOptions>
    </Parsing>
    <CodeGeneration>
      <Checks>
        <IOChecks Value="True"/>
        <RangeChecks Value="True"/>
        <OverflowChecks Value="True"/>
        <StackChecks Value="True"/>
      </Checks>
      <VerifyObjMethodCallValidity Value="True"/>
      <Optimizations>
        <OptimizationLevel Value="3"/>
      </Optimizations>
    </CodeGeneration>
    <Other>
      <Verbosity>
        <ShowHints Value="False"/>
        <ShoLineNum Value="True"/>
      </Verbosity>
    </Other>
  </CompilerOptions>
  <Debugging>
    <BreakPoints Count="1">
      <Item1>
        <Kind Value="bpkSource"/>
        <WatchScope Value="wpsLocal"/>
        <WatchKind Value="wpkWrite"/>
        <Source Value="..\molecule\pdbmolecules.pas"/>
        <Line Value="416"/>
      </Item1>
    </BreakPoints>
    <Exceptions Count="4">
      <Item1>
        <Name Value="EAbort"/>
      </Item1>
      <Item2>
        <Name Value="ECodetoolError"/>
      </Item2>
      <Item3>
        <Name Value="EFOpenError"/>
      </Item3>
      <Item4>
        <Name Value="EConvertError"/>
      </Item4>
    </Exceptions>
  </Debugging>
</CONFIG>
